// !$*UTF8*$!
{
	archiveVersion = 1;
	classes = {
	};
	objectVersion = 50;
	objects = {

/* Begin PBXBuildFile section */
		5545F33121569CBE00262792 /* AppDelegate.swift in Sources */ = {isa = PBXBuildFile; fileRef = 5545F33021569CBE00262792 /* AppDelegate.swift */; };
		5545F33321569CBE00262792 /* ViewController.swift in Sources */ = {isa = PBXBuildFile; fileRef = 5545F33221569CBE00262792 /* ViewController.swift */; };
		5545F33621569CBE00262792 /* Main.storyboard in Resources */ = {isa = PBXBuildFile; fileRef = 5545F33421569CBE00262792 /* Main.storyboard */; };
		5545F33821569CC000262792 /* Assets.xcassets in Resources */ = {isa = PBXBuildFile; fileRef = 5545F33721569CC000262792 /* Assets.xcassets */; };
		5545F33B21569CC000262792 /* LaunchScreen.storyboard in Resources */ = {isa = PBXBuildFile; fileRef = 5545F33921569CC000262792 /* LaunchScreen.storyboard */; };
		5545F34621569CC000262792 /* MenuWiseTests.swift in Sources */ = {isa = PBXBuildFile; fileRef = 5545F34521569CC000262792 /* MenuWiseTests.swift */; };
/* End PBXBuildFile section */

/* Begin PBXContainerItemProxy section */
		5545F34221569CC000262792 /* PBXContainerItemProxy */ = {
			isa = PBXContainerItemProxy;
			containerPortal = 5545F32521569CBE00262792 /* Project object */;
			proxyType = 1;
			remoteGlobalIDString = 5545F32C21569CBE00262792;
			remoteInfo = MenuWise;
		};
/* End PBXContainerItemProxy section */

/* Begin PBXFileReference section */
		5545F32D21569CBE00262792 /* MenuWise.app */ = {isa = PBXFileReference; explicitFileType = wrapper.application; includeInIndex = 0; path = MenuWise.app; sourceTree = BUILT_PRODUCTS_DIR; };
		5545F33021569CBE00262792 /* AppDelegate.swift */ = {isa = PBXFileReference; lastKnownFileType = sourcecode.swift; path = AppDelegate.swift; sourceTree = "<group>"; };
		5545F33221569CBE00262792 /* ViewController.swift */ = {isa = PBXFileReference; lastKnownFileType = sourcecode.swift; path = ViewController.swift; sourceTree = "<group>"; };
		5545F33521569CBE00262792 /* Base */ = {isa = PBXFileReference; lastKnownFileType = file.storyboard; name = Base; path = Base.lproj/Main.storyboard; sourceTree = "<group>"; };
		5545F33721569CC000262792 /* Assets.xcassets */ = {isa = PBXFileReference; lastKnownFileType = folder.assetcatalog; path = Assets.xcassets; sourceTree = "<group>"; };
		5545F33A21569CC000262792 /* Base */ = {isa = PBXFileReference; lastKnownFileType = file.storyboard; name = Base; path = Base.lproj/LaunchScreen.storyboard; sourceTree = "<group>"; };
		5545F33C21569CC000262792 /* Info.plist */ = {isa = PBXFileReference; lastKnownFileType = text.plist.xml; path = Info.plist; sourceTree = "<group>"; };
		5545F34121569CC000262792 /* MenuWiseTests.xctest */ = {isa = PBXFileReference; explicitFileType = wrapper.cfbundle; includeInIndex = 0; path = MenuWiseTests.xctest; sourceTree = BUILT_PRODUCTS_DIR; };
		5545F34521569CC000262792 /* MenuWiseTests.swift */ = {isa = PBXFileReference; lastKnownFileType = sourcecode.swift; path = MenuWiseTests.swift; sourceTree = "<group>"; };
		5545F34721569CC000262792 /* Info.plist */ = {isa = PBXFileReference; lastKnownFileType = text.plist.xml; path = Info.plist; sourceTree = "<group>"; };
/* End PBXFileReference section */

/* Begin PBXFrameworksBuildPhase section */
		5545F32A21569CBE00262792 /* Frameworks */ = {
			isa = PBXFrameworksBuildPhase;
			buildActionMask = 2147483647;
			files = (
			);
			runOnlyForDeploymentPostprocessing = 0;
		};
		5545F33E21569CC000262792 /* Frameworks */ = {
			isa = PBXFrameworksBuildPhase;
			buildActionMask = 2147483647;
			files = (
			);
			runOnlyForDeploymentPostprocessing = 0;
		};
/* End PBXFrameworksBuildPhase section */

/* Begin PBXGroup section */
		5545F32421569CBE00262792 = {
			isa = PBXGroup;
			children = (
				5545F32F21569CBE00262792 /* MenuWise */,
				5545F34421569CC000262792 /* MenuWiseTests */,
				5545F32E21569CBE00262792 /* Products */,
			);
			sourceTree = "<group>";
		};
		5545F32E21569CBE00262792 /* Products */ = {
			isa = PBXGroup;
			children = (
				5545F32D21569CBE00262792 /* MenuWise.app */,
				5545F34121569CC000262792 /* MenuWiseTests.xctest */,
			);
			name = Products;
			sourceTree = "<group>";
		};
		5545F32F21569CBE00262792 /* MenuWise */ = {
			isa = PBXGroup;
			children = (
				5545F33021569CBE00262792 /* AppDelegate.swift */,
				5545F33221569CBE00262792 /* ViewController.swift */,
				5545F33421569CBE00262792 /* Main.storyboard */,
				5545F33721569CC000262792 /* Assets.xcassets */,
				5545F33921569CC000262792 /* LaunchScreen.storyboard */,
				5545F33C21569CC000262792 /* Info.plist */,
			);
			path = MenuWise;
			sourceTree = "<group>";
		};
		5545F34421569CC000262792 /* MenuWiseTests */ = {
			isa = PBXGroup;
			children = (
				5545F34521569CC000262792 /* MenuWiseTests.swift */,
				5545F34721569CC000262792 /* Info.plist */,
			);
			path = MenuWiseTests;
			sourceTree = "<group>";
		};
/* End PBXGroup section */

/* Begin PBXNativeTarget section */
		5545F32C21569CBE00262792 /* MenuWise */ = {
			isa = PBXNativeTarget;
			buildConfigurationList = 5545F34A21569CC000262792 /* Build configuration list for PBXNativeTarget "MenuWise" */;
			buildPhases = (
				5545F32921569CBE00262792 /* Sources */,
				5545F32A21569CBE00262792 /* Frameworks */,
				5545F32B21569CBE00262792 /* Resources */,
			);
			buildRules = (
			);
			dependencies = (
			);
			name = MenuWise;
			productName = MenuWise;
			productReference = 5545F32D21569CBE00262792 /* MenuWise.app */;
			productType = "com.apple.product-type.application";
		};
		5545F34021569CC000262792 /* MenuWiseTests */ = {
			isa = PBXNativeTarget;
			buildConfigurationList = 5545F34D21569CC000262792 /* Build configuration list for PBXNativeTarget "MenuWiseTests" */;
			buildPhases = (
				5545F33D21569CC000262792 /* Sources */,
				5545F33E21569CC000262792 /* Frameworks */,
				5545F33F21569CC000262792 /* Resources */,
			);
			buildRules = (
			);
			dependencies = (
				5545F34321569CC000262792 /* PBXTargetDependency */,
			);
			name = MenuWiseTests;
			productName = MenuWiseTests;
			productReference = 5545F34121569CC000262792 /* MenuWiseTests.xctest */;
			productType = "com.apple.product-type.bundle.unit-test";
		};
/* End PBXNativeTarget section */

/* Begin PBXProject section */
		5545F32521569CBE00262792 /* Project object */ = {
			isa = PBXProject;
			attributes = {
				LastSwiftUpdateCheck = 0940;
				LastUpgradeCheck = 0940;
				ORGANIZATIONNAME = "thomas minshull";
				TargetAttributes = {
					5545F32C21569CBE00262792 = {
						CreatedOnToolsVersion = 9.4.1;
					};
					5545F34021569CC000262792 = {
						CreatedOnToolsVersion = 9.4.1;
						TestTargetID = 5545F32C21569CBE00262792;
					};
				};
			};
			buildConfigurationList = 5545F32821569CBE00262792 /* Build configuration list for PBXProject "MenuWise" */;
			compatibilityVersion = "Xcode 9.3";
			developmentRegion = en;
			hasScannedForEncodings = 0;
			knownRegions = (
				en,
				Base,
			);
			mainGroup = 5545F32421569CBE00262792;
			productRefGroup = 5545F32E21569CBE00262792 /* Products */;
			projectDirPath = "";
			projectRoot = "";
			targets = (
				5545F32C21569CBE00262792 /* MenuWise */,
				5545F34021569CC000262792 /* MenuWiseTests */,
			);
		};
/* End PBXProject section */

/* Begin PBXResourcesBuildPhase section */
		5545F32B21569CBE00262792 /* Resources */ = {
			isa = PBXResourcesBuildPhase;
			buildActionMask = 2147483647;
			files = (
				5545F33B21569CC000262792 /* LaunchScreen.storyboard in Resources */,
				5545F33821569CC000262792 /* Assets.xcassets in Resources */,
				5545F33621569CBE00262792 /* Main.storyboard in Resources */,
			);
			runOnlyForDeploymentPostprocessing = 0;
		};
		5545F33F21569CC000262792 /* Resources */ = {
			isa = PBXResourcesBuildPhase;
			buildActionMask = 2147483647;
			files = (
			);
			runOnlyForDeploymentPostprocessing = 0;
		};
/* End PBXResourcesBuildPhase section */

/* Begin PBXSourcesBuildPhase section */
		5545F32921569CBE00262792 /* Sources */ = {
			isa = PBXSourcesBuildPhase;
			buildActionMask = 2147483647;
			files = (
				5545F33321569CBE00262792 /* ViewController.swift in Sources */,
				5545F33121569CBE00262792 /* AppDelegate.swift in Sources */,
			);
			runOnlyForDeploymentPostprocessing = 0;
		};
		5545F33D21569CC000262792 /* Sources */ = {
			isa = PBXSourcesBuildPhase;
			buildActionMask = 2147483647;
			files = (
				5545F34621569CC000262792 /* MenuWiseTests.swift in Sources */,
			);
			runOnlyForDeploymentPostprocessing = 0;
		};
/* End PBXSourcesBuildPhase section */

/* Begin PBXTargetDependency section */
		5545F34321569CC000262792 /* PBXTargetDependency */ = {
			isa = PBXTargetDependency;
			target = 5545F32C21569CBE00262792 /* MenuWise */;
			targetProxy = 5545F34221569CC000262792 /* PBXContainerItemProxy */;
		};
/* End PBXTargetDependency section */

/* Begin PBXVariantGroup section */
		5545F33421569CBE00262792 /* Main.storyboard */ = {
			isa = PBXVariantGroup;
			children = (
				5545F33521569CBE00262792 /* Base */,
			);
			name = Main.storyboard;
			sourceTree = "<group>";
		};
		5545F33921569CC000262792 /* LaunchScreen.storyboard */ = {
			isa = PBXVariantGroup;
			children = (
				5545F33A21569CC000262792 /* Base */,
			);
			name = LaunchScreen.storyboard;
			sourceTree = "<group>";
		};
/* End PBXVariantGroup section */

/* Begin XCBuildConfiguration section */
		5545F34821569CC000262792 /* Debug */ = {
			isa = XCBuildConfiguration;
			buildSettings = {
				ALWAYS_SEARCH_USER_PATHS = NO;
				CLANG_ANALYZER_NONNULL = YES;
				CLANG_ANALYZER_NUMBER_OBJECT_CONVERSION = YES_AGGRESSIVE;
				CLANG_CXX_LANGUAGE_STANDARD = "gnu++14";
				CLANG_CXX_LIBRARY = "libc++";
				CLANG_ENABLE_MODULES = YES;
				CLANG_ENABLE_OBJC_ARC = YES;
				CLANG_ENABLE_OBJC_WEAK = YES;
				CLANG_WARN_BLOCK_CAPTURE_AUTORELEASING = YES;
				CLANG_WARN_BOOL_CONVERSION = YES;
				CLANG_WARN_COMMA = YES;
				CLANG_WARN_CONSTANT_CONVERSION = YES;
				CLANG_WARN_DEPRECATED_OBJC_IMPLEMENTATIONS = YES;
				CLANG_WARN_DIRECT_OBJC_ISA_USAGE = YES_ERROR;
				CLANG_WARN_DOCUMENTATION_COMMENTS = YES;
				CLANG_WARN_EMPTY_BODY = YES;
				CLANG_WARN_ENUM_CONVERSION = YES;
				CLANG_WARN_INFINITE_RECURSION = YES;
				CLANG_WARN_INT_CONVERSION = YES;
				CLANG_WARN_NON_LITERAL_NULL_CONVERSION = YES;
				CLANG_WARN_OBJC_IMPLICIT_RETAIN_SELF = YES;
				CLANG_WARN_OBJC_LITERAL_CONVERSION = YES;
				CLANG_WARN_OBJC_ROOT_CLASS = YES_ERROR;
				CLANG_WARN_RANGE_LOOP_ANALYSIS = YES;
				CLANG_WARN_STRICT_PROTOTYPES = YES;
				CLANG_WARN_SUSPICIOUS_MOVE = YES;
				CLANG_WARN_UNGUARDED_AVAILABILITY = YES_AGGRESSIVE;
				CLANG_WARN_UNREACHABLE_CODE = YES;
				CLANG_WARN__DUPLICATE_METHOD_MATCH = YES;
				CODE_SIGN_IDENTITY = "iPhone Developer";
				COPY_PHASE_STRIP = NO;
				DEBUG_INFORMATION_FORMAT = dwarf;
				ENABLE_STRICT_OBJC_MSGSEND = YES;
				ENABLE_TESTABILITY = YES;
				GCC_C_LANGUAGE_STANDARD = gnu11;
				GCC_DYNAMIC_NO_PIC = NO;
				GCC_NO_COMMON_BLOCKS = YES;
				GCC_OPTIMIZATION_LEVEL = 0;
				GCC_PREPROCESSOR_DEFINITIONS = (
					"DEBUG=1",
					"$(inherited)",
				);
				GCC_WARN_64_TO_32_BIT_CONVERSION = YES;
				GCC_WARN_ABOUT_RETURN_TYPE = YES_ERROR;
				GCC_WARN_UNDECLARED_SELECTOR = YES;
				GCC_WARN_UNINITIALIZED_AUTOS = YES_AGGRESSIVE;
				GCC_WARN_UNUSED_FUNCTION = YES;
				GCC_WARN_UNUSED_VARIABLE = YES;
				IPHONEOS_DEPLOYMENT_TARGET = 11.4;
				MTL_ENABLE_DEBUG_INFO = YES;
				ONLY_ACTIVE_ARCH = YES;
				SDKROOT = iphoneos;
				SWIFT_ACTIVE_COMPILATION_CONDITIONS = DEBUG;
				SWIFT_OPTIMIZATION_LEVEL = "-Onone";
			};
			name = Debug;
		};
		5545F34921569CC000262792 /* Release */ = {
			isa = XCBuildConfiguration;
			buildSettings = {
				ALWAYS_SEARCH_USER_PATHS = NO;
				CLANG_ANALYZER_NONNULL = YES;
				CLANG_ANALYZER_NUMBER_OBJECT_CONVERSION = YES_AGGRESSIVE;
				CLANG_CXX_LANGUAGE_STANDARD = "gnu++14";
				CLANG_CXX_LIBRARY = "libc++";
				CLANG_ENABLE_MODULES = YES;
				CLANG_ENABLE_OBJC_ARC = YES;
				CLANG_ENABLE_OBJC_WEAK = YES;
				CLANG_WARN_BLOCK_CAPTURE_AUTORELEASING = YES;
				CLANG_WARN_BOOL_CONVERSION = YES;
				CLANG_WARN_COMMA = YES;
				CLANG_WARN_CONSTANT_CONVERSION = YES;
				CLANG_WARN_DEPRECATED_OBJC_IMPLEMENTATIONS = YES;
				CLANG_WARN_DIRECT_OBJC_ISA_USAGE = YES_ERROR;
				CLANG_WARN_DOCUMENTATION_COMMENTS = YES;
				CLANG_WARN_EMPTY_BODY = YES;
				CLANG_WARN_ENUM_CONVERSION = YES;
				CLANG_WARN_INFINITE_RECURSION = YES;
				CLANG_WARN_INT_CONVERSION = YES;
				CLANG_WARN_NON_LITERAL_NULL_CONVERSION = YES;
				CLANG_WARN_OBJC_IMPLICIT_RETAIN_SELF = YES;
				CLANG_WARN_OBJC_LITERAL_CONVERSION = YES;
				CLANG_WARN_OBJC_ROOT_CLASS = YES_ERROR;
				CLANG_WARN_RANGE_LOOP_ANALYSIS = YES;
				CLANG_WARN_STRICT_PROTOTYPES = YES;
				CLANG_WARN_SUSPICIOUS_MOVE = YES;
				CLANG_WARN_UNGUARDED_AVAILABILITY = YES_AGGRESSIVE;
				CLANG_WARN_UNREACHABLE_CODE = YES;
				CLANG_WARN__DUPLICATE_METHOD_MATCH = YES;
				CODE_SIGN_IDENTITY = "iPhone Developer";
				COPY_PHASE_STRIP = NO;
				DEBUG_INFORMATION_FORMAT = "dwarf-with-dsym";
				ENABLE_NS_ASSERTIONS = NO;
				ENABLE_STRICT_OBJC_MSGSEND = YES;
				GCC_C_LANGUAGE_STANDARD = gnu11;
				GCC_NO_COMMON_BLOCKS = YES;
				GCC_WARN_64_TO_32_BIT_CONVERSION = YES;
				GCC_WARN_ABOUT_RETURN_TYPE = YES_ERROR;
				GCC_WARN_UNDECLARED_SELECTOR = YES;
				GCC_WARN_UNINITIALIZED_AUTOS = YES_AGGRESSIVE;
				GCC_WARN_UNUSED_FUNCTION = YES;
				GCC_WARN_UNUSED_VARIABLE = YES;
				IPHONEOS_DEPLOYMENT_TARGET = 11.4;
				MTL_ENABLE_DEBUG_INFO = NO;
				SDKROOT = iphoneos;
				SWIFT_COMPILATION_MODE = wholemodule;
				SWIFT_OPTIMIZATION_LEVEL = "-O";
				VALIDATE_PRODUCT = YES;
			};
			name = Release;
		};
		5545F34B21569CC000262792 /* Debug */ = {
			isa = XCBuildConfiguration;
			buildSettings = {
				ASSETCATALOG_COMPILER_APPICON_NAME = AppIcon;
				CODE_SIGN_STYLE = Automatic;
				DEVELOPMENT_TEAM = FHZ72ELYQ2;
				INFOPLIST_FILE = MenuWise/Info.plist;
				LD_RUNPATH_SEARCH_PATHS = (
					"$(inherited)",
					"@executable_path/Frameworks",
				);
				PRODUCT_BUNDLE_IDENTIFIER = com.tomm.MenuWise;
				PRODUCT_NAME = "$(TARGET_NAME)";
				SWIFT_VERSION = 4.0;
				TARGETED_DEVICE_FAMILY = "1,2";
			};
			name = Debug;
		};
		5545F34C21569CC000262792 /* Release */ = {
			isa = XCBuildConfiguration;
			buildSettings = {
				ASSETCATALOG_COMPILER_APPICON_NAME = AppIcon;
				CODE_SIGN_STYLE = Automatic;
				DEVELOPMENT_TEAM = FHZ72ELYQ2;
				INFOPLIST_FILE = MenuWise/Info.plist;
				LD_RUNPATH_SEARCH_PATHS = (
					"$(inherited)",
					"@executable_path/Frameworks",
				);
				PRODUCT_BUNDLE_IDENTIFIER = com.tomm.MenuWise;
				PRODUCT_NAME = "$(TARGET_NAME)";
				SWIFT_VERSION = 4.0;
				TARGETED_DEVICE_FAMILY = "1,2";
			};
			name = Release;
		};
		5545F34E21569CC000262792 /* Debug */ = {
			isa = XCBuildConfiguration;
			buildSettings = {
				ALWAYS_EMBED_SWIFT_STANDARD_LIBRARIES = YES;
				BUNDLE_LOADER = "$(TEST_HOST)";
				CODE_SIGN_STYLE = Automatic;
				DEVELOPMENT_TEAM = FHZ72ELYQ2;
				INFOPLIST_FILE = MenuWiseTests/Info.plist;
				LD_RUNPATH_SEARCH_PATHS = (
					"$(inherited)",
					"@executable_path/Frameworks",
					"@loader_path/Frameworks",
				);
				PRODUCT_BUNDLE_IDENTIFIER = com.tomm.MenuWiseTests;
				PRODUCT_NAME = "$(TARGET_NAME)";
				SWIFT_VERSION = 4.0;
				TARGETED_DEVICE_FAMILY = "1,2";
				TEST_HOST = "$(BUILT_PRODUCTS_DIR)/MenuWise.app/MenuWise";
			};
			name = Debug;
		};
		5545F34F21569CC000262792 /* Release */ = {
			isa = XCBuildConfiguration;
			buildSettings = {
				ALWAYS_EMBED_SWIFT_STANDARD_LIBRARIES = YES;
				BUNDLE_LOADER = "$(TEST_HOST)";
				CODE_SIGN_STYLE = Automatic;
				DEVELOPMENT_TEAM = FHZ72ELYQ2;
				INFOPLIST_FILE = MenuWiseTests/Info.plist;
				LD_RUNPATH_SEARCH_PATHS = (
					"$(inherited)",
					"@executable_path/Frameworks",
					"@loader_path/Frameworks",
				);
				PRODUCT_BUNDLE_IDENTIFIER = com.tomm.MenuWiseTests;
				PRODUCT_NAME = "$(TARGET_NAME)";
				SWIFT_VERSION = 4.0;
				TARGETED_DEVICE_FAMILY = "1,2";
				TEST_HOST = "$(BUILT_PRODUCTS_DIR)/MenuWise.app/MenuWise";
			};
			name = Release;
		};
/* End XCBuildConfiguration section */

/* Begin XCConfigurationList section */
		5545F32821569CBE00262792 /* Build configuration list for PBXProject "MenuWise" */ = {
			isa = XCConfigurationList;
			buildConfigurations = (
				5545F34821569CC000262792 /* Debug */,
				5545F34921569CC000262792 /* Release */,
			);
			defaultConfigurationIsVisible = 0;
			defaultConfigurationName = Release;
		};
		5545F34A21569CC000262792 /* Build configuration list for PBXNativeTarget "MenuWise" */ = {
			isa = XCConfigurationList;
			buildConfigurations = (
				5545F34B21569CC000262792 /* Debug */,
				5545F34C21569CC000262792 /* Release */,
			);
			defaultConfigurationIsVisible = 0;
			defaultConfigurationName = Release;
		};
		5545F34D21569CC000262792 /* Build configuration list for PBXNativeTarget "MenuWiseTests" */ = {
			isa = XCConfigurationList;
			buildConfigurations = (
				5545F34E21569CC000262792 /* Debug */,
				5545F34F21569CC000262792 /* Release */,
			);
			defaultConfigurationIsVisible = 0;
			defaultConfigurationName = Release;
		};
/* End XCConfigurationList section */
	};
	rootObject = 5545F32521569CBE00262792 /* Project object */;
}
